{
  "object": {
    "pins": [
      {
        "package": "Networker",
        "repositoryURL": "https://github.com/diejmon/Networker.git",
        "state": {
          "branch": "master",
          "revision": "61b49eb9a2b9044f854dfa7ebb7cbe660dbad61b",
          "version": null
        }
      }
    ]
  },
  "version": 1
}
