{
  "object": {
    "pins": [
      {
        "package": "Networker",
        "repositoryURL": "https://github.com/diejmon/Networker.git",
        "state": {
          "branch": "master",
          "revision": "e94fb1bfb66cbacbf5159ed3638ac49c7f01bc4b",
          "version": null
        }
      }
    ]
  },
  "version": 1
}
