{
  "object": {
    "pins": [
      {
        "package": "Networker",
        "repositoryURL": "https://github.com/diejmon/Networker.git",
        "state": {
          "branch": "master",
          "revision": "185a24481c017fb09577fdb90efb447f9a10274d",
          "version": null
        }
      },
      {
        "package": "swift-log",
        "repositoryURL": "https://github.com/apple/swift-log.git",
        "state": {
          "branch": null,
          "revision": "74d7b91ceebc85daf387ebb206003f78813f71aa",
          "version": "1.2.0"
        }
      }
    ]
  },
  "version": 1
}
